// !$*UTF8*$!
{
	archiveVersion = 1;
	classes = {
	};
	objectVersion = 55;
	objects = {

/* Begin PBXBuildFile section */
		94161AFA2879287E00EDC676 /* MoneyJudge.swift in Sources */ = {isa = PBXBuildFile; fileRef = 94161AF92879287E00EDC676 /* MoneyJudge.swift */; };
		94161AFC287929D200EDC676 /* MoneyJudgeTests.swift in Sources */ = {isa = PBXBuildFile; fileRef = 94161AFB287929D200EDC676 /* MoneyJudgeTests.swift */; };
		94161AFE28792EB000EDC676 /* ViewModel.swift in Sources */ = {isa = PBXBuildFile; fileRef = 94161AFD28792EB000EDC676 /* ViewModel.swift */; };
		94161B02287931E500EDC676 /* ViewModelTests.swift in Sources */ = {isa = PBXBuildFile; fileRef = 94161B01287931E500EDC676 /* ViewModelTests.swift */; };
		947D399B2874669500143C55 /* AppDelegate.swift in Sources */ = {isa = PBXBuildFile; fileRef = 947D399A2874669500143C55 /* AppDelegate.swift */; };
		947D399D2874669500143C55 /* SceneDelegate.swift in Sources */ = {isa = PBXBuildFile; fileRef = 947D399C2874669500143C55 /* SceneDelegate.swift */; };
		947D399F2874669500143C55 /* ViewController.swift in Sources */ = {isa = PBXBuildFile; fileRef = 947D399E2874669500143C55 /* ViewController.swift */; };
		947D39A22874669500143C55 /* Main.storyboard in Resources */ = {isa = PBXBuildFile; fileRef = 947D39A02874669500143C55 /* Main.storyboard */; };
		947D39A42874669600143C55 /* Assets.xcassets in Resources */ = {isa = PBXBuildFile; fileRef = 947D39A32874669600143C55 /* Assets.xcassets */; };
		947D39A72874669600143C55 /* LaunchScreen.storyboard in Resources */ = {isa = PBXBuildFile; fileRef = 947D39A52874669600143C55 /* LaunchScreen.storyboard */; };
		947D39B22874669600143C55 /* TestPracticeTests.swift in Sources */ = {isa = PBXBuildFile; fileRef = 947D39B12874669600143C55 /* TestPracticeTests.swift */; };
		947D39BC2874669600143C55 /* TestPracticeUITests.swift in Sources */ = {isa = PBXBuildFile; fileRef = 947D39BB2874669600143C55 /* TestPracticeUITests.swift */; };
		947D39BE2874669600143C55 /* TestPracticeUITestsLaunchTests.swift in Sources */ = {isa = PBXBuildFile; fileRef = 947D39BD2874669600143C55 /* TestPracticeUITestsLaunchTests.swift */; };
		947D39CB287474B200143C55 /* APIClient.swift in Sources */ = {isa = PBXBuildFile; fileRef = 947D39CA287474B200143C55 /* APIClient.swift */; };
/* End PBXBuildFile section */

/* Begin PBXContainerItemProxy section */
		947D39AE2874669600143C55 /* PBXContainerItemProxy */ = {
			isa = PBXContainerItemProxy;
			containerPortal = 947D398F2874669500143C55 /* Project object */;
			proxyType = 1;
			remoteGlobalIDString = 947D39962874669500143C55;
			remoteInfo = TestPractice;
		};
		947D39B82874669600143C55 /* PBXContainerItemProxy */ = {
			isa = PBXContainerItemProxy;
			containerPortal = 947D398F2874669500143C55 /* Project object */;
			proxyType = 1;
			remoteGlobalIDString = 947D39962874669500143C55;
			remoteInfo = TestPractice;
		};
/* End PBXContainerItemProxy section */

/* Begin PBXFileReference section */
		94161AF92879287E00EDC676 /* MoneyJudge.swift */ = {isa = PBXFileReference; lastKnownFileType = sourcecode.swift; path = MoneyJudge.swift; sourceTree = "<group>"; };
		94161AFB287929D200EDC676 /* MoneyJudgeTests.swift */ = {isa = PBXFileReference; lastKnownFileType = sourcecode.swift; path = MoneyJudgeTests.swift; sourceTree = "<group>"; };
		94161AFD28792EB000EDC676 /* ViewModel.swift */ = {isa = PBXFileReference; lastKnownFileType = sourcecode.swift; path = ViewModel.swift; sourceTree = "<group>"; };
		94161B01287931E500EDC676 /* ViewModelTests.swift */ = {isa = PBXFileReference; lastKnownFileType = sourcecode.swift; path = ViewModelTests.swift; sourceTree = "<group>"; };
		947D39972874669500143C55 /* TestPractice.app */ = {isa = PBXFileReference; explicitFileType = wrapper.application; includeInIndex = 0; path = TestPractice.app; sourceTree = BUILT_PRODUCTS_DIR; };
		947D399A2874669500143C55 /* AppDelegate.swift */ = {isa = PBXFileReference; lastKnownFileType = sourcecode.swift; path = AppDelegate.swift; sourceTree = "<group>"; };
		947D399C2874669500143C55 /* SceneDelegate.swift */ = {isa = PBXFileReference; lastKnownFileType = sourcecode.swift; path = SceneDelegate.swift; sourceTree = "<group>"; };
		947D399E2874669500143C55 /* ViewController.swift */ = {isa = PBXFileReference; lastKnownFileType = sourcecode.swift; path = ViewController.swift; sourceTree = "<group>"; };
		947D39A12874669500143C55 /* Base */ = {isa = PBXFileReference; lastKnownFileType = file.storyboard; name = Base; path = Base.lproj/Main.storyboard; sourceTree = "<group>"; };
		947D39A32874669600143C55 /* Assets.xcassets */ = {isa = PBXFileReference; lastKnownFileType = folder.assetcatalog; path = Assets.xcassets; sourceTree = "<group>"; };
		947D39A62874669600143C55 /* Base */ = {isa = PBXFileReference; lastKnownFileType = file.storyboard; name = Base; path = Base.lproj/LaunchScreen.storyboard; sourceTree = "<group>"; };
		947D39A82874669600143C55 /* Info.plist */ = {isa = PBXFileReference; lastKnownFileType = text.plist.xml; path = Info.plist; sourceTree = "<group>"; };
		947D39AD2874669600143C55 /* TestPracticeTests.xctest */ = {isa = PBXFileReference; explicitFileType = wrapper.cfbundle; includeInIndex = 0; path = TestPracticeTests.xctest; sourceTree = BUILT_PRODUCTS_DIR; };
		947D39B12874669600143C55 /* TestPracticeTests.swift */ = {isa = PBXFileReference; lastKnownFileType = sourcecode.swift; path = TestPracticeTests.swift; sourceTree = "<group>"; };
		947D39B72874669600143C55 /* TestPracticeUITests.xctest */ = {isa = PBXFileReference; explicitFileType = wrapper.cfbundle; includeInIndex = 0; path = TestPracticeUITests.xctest; sourceTree = BUILT_PRODUCTS_DIR; };
		947D39BB2874669600143C55 /* TestPracticeUITests.swift */ = {isa = PBXFileReference; lastKnownFileType = sourcecode.swift; path = TestPracticeUITests.swift; sourceTree = "<group>"; };
		947D39BD2874669600143C55 /* TestPracticeUITestsLaunchTests.swift */ = {isa = PBXFileReference; lastKnownFileType = sourcecode.swift; path = TestPracticeUITestsLaunchTests.swift; sourceTree = "<group>"; };
		947D39CA287474B200143C55 /* APIClient.swift */ = {isa = PBXFileReference; lastKnownFileType = sourcecode.swift; path = APIClient.swift; sourceTree = "<group>"; };
/* End PBXFileReference section */

/* Begin PBXFrameworksBuildPhase section */
		947D39942874669500143C55 /* Frameworks */ = {
			isa = PBXFrameworksBuildPhase;
			buildActionMask = 2147483647;
			files = (
			);
			runOnlyForDeploymentPostprocessing = 0;
		};
		947D39AA2874669600143C55 /* Frameworks */ = {
			isa = PBXFrameworksBuildPhase;
			buildActionMask = 2147483647;
			files = (
			);
			runOnlyForDeploymentPostprocessing = 0;
		};
		947D39B42874669600143C55 /* Frameworks */ = {
			isa = PBXFrameworksBuildPhase;
			buildActionMask = 2147483647;
			files = (
			);
			runOnlyForDeploymentPostprocessing = 0;
		};
/* End PBXFrameworksBuildPhase section */

/* Begin PBXGroup section */
		947D398E2874669500143C55 = {
			isa = PBXGroup;
			children = (
				947D39992874669500143C55 /* TestPractice */,
				947D39B02874669600143C55 /* TestPracticeTests */,
				947D39BA2874669600143C55 /* TestPracticeUITests */,
				947D39982874669500143C55 /* Products */,
			);
			sourceTree = "<group>";
		};
		947D39982874669500143C55 /* Products */ = {
			isa = PBXGroup;
			children = (
				947D39972874669500143C55 /* TestPractice.app */,
				947D39AD2874669600143C55 /* TestPracticeTests.xctest */,
				947D39B72874669600143C55 /* TestPracticeUITests.xctest */,
			);
			name = Products;
			sourceTree = "<group>";
		};
		947D39992874669500143C55 /* TestPractice */ = {
			isa = PBXGroup;
			children = (
				947D399A2874669500143C55 /* AppDelegate.swift */,
				947D399C2874669500143C55 /* SceneDelegate.swift */,
				947D399E2874669500143C55 /* ViewController.swift */,
				94161AFD28792EB000EDC676 /* ViewModel.swift */,
				94161AF92879287E00EDC676 /* MoneyJudge.swift */,
				947D39CA287474B200143C55 /* APIClient.swift */,
				947D39A02874669500143C55 /* Main.storyboard */,
				947D39A32874669600143C55 /* Assets.xcassets */,
				947D39A52874669600143C55 /* LaunchScreen.storyboard */,
				947D39A82874669600143C55 /* Info.plist */,
			);
			path = TestPractice;
			sourceTree = "<group>";
		};
		947D39B02874669600143C55 /* TestPracticeTests */ = {
			isa = PBXGroup;
			children = (
				947D39B12874669600143C55 /* TestPracticeTests.swift */,
				94161AFB287929D200EDC676 /* MoneyJudgeTests.swift */,
				94161B01287931E500EDC676 /* ViewModelTests.swift */,
			);
			path = TestPracticeTests;
			sourceTree = "<group>";
		};
		947D39BA2874669600143C55 /* TestPracticeUITests */ = {
			isa = PBXGroup;
			children = (
				947D39BB2874669600143C55 /* TestPracticeUITests.swift */,
				947D39BD2874669600143C55 /* TestPracticeUITestsLaunchTests.swift */,
			);
			path = TestPracticeUITests;
			sourceTree = "<group>";
		};
/* End PBXGroup section */

/* Begin PBXNativeTarget section */
		947D39962874669500143C55 /* TestPractice */ = {
			isa = PBXNativeTarget;
			buildConfigurationList = 947D39C12874669600143C55 /* Build configuration list for PBXNativeTarget "TestPractice" */;
			buildPhases = (
				947D39932874669500143C55 /* Sources */,
				947D39942874669500143C55 /* Frameworks */,
				947D39952874669500143C55 /* Resources */,
			);
			buildRules = (
			);
			dependencies = (
			);
			name = TestPractice;
			productName = TestPractice;
			productReference = 947D39972874669500143C55 /* TestPractice.app */;
			productType = "com.apple.product-type.application";
		};
		947D39AC2874669600143C55 /* TestPracticeTests */ = {
			isa = PBXNativeTarget;
			buildConfigurationList = 947D39C42874669600143C55 /* Build configuration list for PBXNativeTarget "TestPracticeTests" */;
			buildPhases = (
				947D39A92874669600143C55 /* Sources */,
				947D39AA2874669600143C55 /* Frameworks */,
				947D39AB2874669600143C55 /* Resources */,
			);
			buildRules = (
			);
			dependencies = (
				947D39AF2874669600143C55 /* PBXTargetDependency */,
			);
			name = TestPracticeTests;
			productName = TestPracticeTests;
			productReference = 947D39AD2874669600143C55 /* TestPracticeTests.xctest */;
			productType = "com.apple.product-type.bundle.unit-test";
		};
		947D39B62874669600143C55 /* TestPracticeUITests */ = {
			isa = PBXNativeTarget;
			buildConfigurationList = 947D39C72874669600143C55 /* Build configuration list for PBXNativeTarget "TestPracticeUITests" */;
			buildPhases = (
				947D39B32874669600143C55 /* Sources */,
				947D39B42874669600143C55 /* Frameworks */,
				947D39B52874669600143C55 /* Resources */,
			);
			buildRules = (
			);
			dependencies = (
				947D39B92874669600143C55 /* PBXTargetDependency */,
			);
			name = TestPracticeUITests;
			productName = TestPracticeUITests;
			productReference = 947D39B72874669600143C55 /* TestPracticeUITests.xctest */;
			productType = "com.apple.product-type.bundle.ui-testing";
		};
/* End PBXNativeTarget section */

/* Begin PBXProject section */
		947D398F2874669500143C55 /* Project object */ = {
			isa = PBXProject;
			attributes = {
				BuildIndependentTargetsInParallel = 1;
				LastSwiftUpdateCheck = 1340;
				LastUpgradeCheck = 1340;
				TargetAttributes = {
					947D39962874669500143C55 = {
						CreatedOnToolsVersion = 13.4.1;
					};
					947D39AC2874669600143C55 = {
						CreatedOnToolsVersion = 13.4.1;
						TestTargetID = 947D39962874669500143C55;
					};
					947D39B62874669600143C55 = {
						CreatedOnToolsVersion = 13.4.1;
						TestTargetID = 947D39962874669500143C55;
					};
				};
			};
			buildConfigurationList = 947D39922874669500143C55 /* Build configuration list for PBXProject "TestPractice" */;
			compatibilityVersion = "Xcode 13.0";
			developmentRegion = en;
			hasScannedForEncodings = 0;
			knownRegions = (
				en,
				Base,
			);
			mainGroup = 947D398E2874669500143C55;
			productRefGroup = 947D39982874669500143C55 /* Products */;
			projectDirPath = "";
			projectRoot = "";
			targets = (
				947D39962874669500143C55 /* TestPractice */,
				947D39AC2874669600143C55 /* TestPracticeTests */,
				947D39B62874669600143C55 /* TestPracticeUITests */,
			);
		};
/* End PBXProject section */

/* Begin PBXResourcesBuildPhase section */
		947D39952874669500143C55 /* Resources */ = {
			isa = PBXResourcesBuildPhase;
			buildActionMask = 2147483647;
			files = (
				947D39A72874669600143C55 /* LaunchScreen.storyboard in Resources */,
				947D39A42874669600143C55 /* Assets.xcassets in Resources */,
				947D39A22874669500143C55 /* Main.storyboard in Resources */,
			);
			runOnlyForDeploymentPostprocessing = 0;
		};
		947D39AB2874669600143C55 /* Resources */ = {
			isa = PBXResourcesBuildPhase;
			buildActionMask = 2147483647;
			files = (
			);
			runOnlyForDeploymentPostprocessing = 0;
		};
		947D39B52874669600143C55 /* Resources */ = {
			isa = PBXResourcesBuildPhase;
			buildActionMask = 2147483647;
			files = (
			);
			runOnlyForDeploymentPostprocessing = 0;
		};
/* End PBXResourcesBuildPhase section */

/* Begin PBXSourcesBuildPhase section */
		947D39932874669500143C55 /* Sources */ = {
			isa = PBXSourcesBuildPhase;
			buildActionMask = 2147483647;
			files = (
				947D399F2874669500143C55 /* ViewController.swift in Sources */,
				947D399B2874669500143C55 /* AppDelegate.swift in Sources */,
				947D399D2874669500143C55 /* SceneDelegate.swift in Sources */,
				94161AFA2879287E00EDC676 /* MoneyJudge.swift in Sources */,
				94161AFE28792EB000EDC676 /* ViewModel.swift in Sources */,
				947D39CB287474B200143C55 /* APIClient.swift in Sources */,
			);
			runOnlyForDeploymentPostprocessing = 0;
		};
		947D39A92874669600143C55 /* Sources */ = {
			isa = PBXSourcesBuildPhase;
			buildActionMask = 2147483647;
			files = (
				94161AFC287929D200EDC676 /* MoneyJudgeTests.swift in Sources */,
				947D39B22874669600143C55 /* TestPracticeTests.swift in Sources */,
				94161B02287931E500EDC676 /* ViewModelTests.swift in Sources */,
			);
			runOnlyForDeploymentPostprocessing = 0;
		};
		947D39B32874669600143C55 /* Sources */ = {
			isa = PBXSourcesBuildPhase;
			buildActionMask = 2147483647;
			files = (
				947D39BC2874669600143C55 /* TestPracticeUITests.swift in Sources */,
				947D39BE2874669600143C55 /* TestPracticeUITestsLaunchTests.swift in Sources */,
			);
			runOnlyForDeploymentPostprocessing = 0;
		};
/* End PBXSourcesBuildPhase section */

/* Begin PBXTargetDependency section */
		947D39AF2874669600143C55 /* PBXTargetDependency */ = {
			isa = PBXTargetDependency;
			target = 947D39962874669500143C55 /* TestPractice */;
			targetProxy = 947D39AE2874669600143C55 /* PBXContainerItemProxy */;
		};
		947D39B92874669600143C55 /* PBXTargetDependency */ = {
			isa = PBXTargetDependency;
			target = 947D39962874669500143C55 /* TestPractice */;
			targetProxy = 947D39B82874669600143C55 /* PBXContainerItemProxy */;
		};
/* End PBXTargetDependency section */

/* Begin PBXVariantGroup section */
		947D39A02874669500143C55 /* Main.storyboard */ = {
			isa = PBXVariantGroup;
			children = (
				947D39A12874669500143C55 /* Base */,
			);
			name = Main.storyboard;
			sourceTree = "<group>";
		};
		947D39A52874669600143C55 /* LaunchScreen.storyboard */ = {
			isa = PBXVariantGroup;
			children = (
				947D39A62874669600143C55 /* Base */,
			);
			name = LaunchScreen.storyboard;
			sourceTree = "<group>";
		};
/* End PBXVariantGroup section */

/* Begin XCBuildConfiguration section */
		947D39BF2874669600143C55 /* Debug */ = {
			isa = XCBuildConfiguration;
			buildSettings = {
				ALWAYS_SEARCH_USER_PATHS = NO;
				CLANG_ANALYZER_NONNULL = YES;
				CLANG_ANALYZER_NUMBER_OBJECT_CONVERSION = YES_AGGRESSIVE;
				CLANG_CXX_LANGUAGE_STANDARD = "gnu++17";
				CLANG_ENABLE_MODULES = YES;
				CLANG_ENABLE_OBJC_ARC = YES;
				CLANG_ENABLE_OBJC_WEAK = YES;
				CLANG_WARN_BLOCK_CAPTURE_AUTORELEASING = YES;
				CLANG_WARN_BOOL_CONVERSION = YES;
				CLANG_WARN_COMMA = YES;
				CLANG_WARN_CONSTANT_CONVERSION = YES;
				CLANG_WARN_DEPRECATED_OBJC_IMPLEMENTATIONS = YES;
				CLANG_WARN_DIRECT_OBJC_ISA_USAGE = YES_ERROR;
				CLANG_WARN_DOCUMENTATION_COMMENTS = YES;
				CLANG_WARN_EMPTY_BODY = YES;
				CLANG_WARN_ENUM_CONVERSION = YES;
				CLANG_WARN_INFINITE_RECURSION = YES;
				CLANG_WARN_INT_CONVERSION = YES;
				CLANG_WARN_NON_LITERAL_NULL_CONVERSION = YES;
				CLANG_WARN_OBJC_IMPLICIT_RETAIN_SELF = YES;
				CLANG_WARN_OBJC_LITERAL_CONVERSION = YES;
				CLANG_WARN_OBJC_ROOT_CLASS = YES_ERROR;
				CLANG_WARN_QUOTED_INCLUDE_IN_FRAMEWORK_HEADER = YES;
				CLANG_WARN_RANGE_LOOP_ANALYSIS = YES;
				CLANG_WARN_STRICT_PROTOTYPES = YES;
				CLANG_WARN_SUSPICIOUS_MOVE = YES;
				CLANG_WARN_UNGUARDED_AVAILABILITY = YES_AGGRESSIVE;
				CLANG_WARN_UNREACHABLE_CODE = YES;
				CLANG_WARN__DUPLICATE_METHOD_MATCH = YES;
				COPY_PHASE_STRIP = NO;
				DEBUG_INFORMATION_FORMAT = dwarf;
				ENABLE_STRICT_OBJC_MSGSEND = YES;
				ENABLE_TESTABILITY = YES;
				GCC_C_LANGUAGE_STANDARD = gnu11;
				GCC_DYNAMIC_NO_PIC = NO;
				GCC_NO_COMMON_BLOCKS = YES;
				GCC_OPTIMIZATION_LEVEL = 0;
				GCC_PREPROCESSOR_DEFINITIONS = (
					"DEBUG=1",
					"$(inherited)",
				);
				GCC_WARN_64_TO_32_BIT_CONVERSION = YES;
				GCC_WARN_ABOUT_RETURN_TYPE = YES_ERROR;
				GCC_WARN_UNDECLARED_SELECTOR = YES;
				GCC_WARN_UNINITIALIZED_AUTOS = YES_AGGRESSIVE;
				GCC_WARN_UNUSED_FUNCTION = YES;
				GCC_WARN_UNUSED_VARIABLE = YES;
				IPHONEOS_DEPLOYMENT_TARGET = 15.5;
				MTL_ENABLE_DEBUG_INFO = INCLUDE_SOURCE;
				MTL_FAST_MATH = YES;
				ONLY_ACTIVE_ARCH = YES;
				SDKROOT = iphoneos;
				SWIFT_ACTIVE_COMPILATION_CONDITIONS = DEBUG;
				SWIFT_OPTIMIZATION_LEVEL = "-Onone";
			};
			name = Debug;
		};
		947D39C02874669600143C55 /* Release */ = {
			isa = XCBuildConfiguration;
			buildSettings = {
				ALWAYS_SEARCH_USER_PATHS = NO;
				CLANG_ANALYZER_NONNULL = YES;
				CLANG_ANALYZER_NUMBER_OBJECT_CONVERSION = YES_AGGRESSIVE;
				CLANG_CXX_LANGUAGE_STANDARD = "gnu++17";
				CLANG_ENABLE_MODULES = YES;
				CLANG_ENABLE_OBJC_ARC = YES;
				CLANG_ENABLE_OBJC_WEAK = YES;
				CLANG_WARN_BLOCK_CAPTURE_AUTORELEASING = YES;
				CLANG_WARN_BOOL_CONVERSION = YES;
				CLANG_WARN_COMMA = YES;
				CLANG_WARN_CONSTANT_CONVERSION = YES;
				CLANG_WARN_DEPRECATED_OBJC_IMPLEMENTATIONS = YES;
				CLANG_WARN_DIRECT_OBJC_ISA_USAGE = YES_ERROR;
				CLANG_WARN_DOCUMENTATION_COMMENTS = YES;
				CLANG_WARN_EMPTY_BODY = YES;
				CLANG_WARN_ENUM_CONVERSION = YES;
				CLANG_WARN_INFINITE_RECURSION = YES;
				CLANG_WARN_INT_CONVERSION = YES;
				CLANG_WARN_NON_LITERAL_NULL_CONVERSION = YES;
				CLANG_WARN_OBJC_IMPLICIT_RETAIN_SELF = YES;
				CLANG_WARN_OBJC_LITERAL_CONVERSION = YES;
				CLANG_WARN_OBJC_ROOT_CLASS = YES_ERROR;
				CLANG_WARN_QUOTED_INCLUDE_IN_FRAMEWORK_HEADER = YES;
				CLANG_WARN_RANGE_LOOP_ANALYSIS = YES;
				CLANG_WARN_STRICT_PROTOTYPES = YES;
				CLANG_WARN_SUSPICIOUS_MOVE = YES;
				CLANG_WARN_UNGUARDED_AVAILABILITY = YES_AGGRESSIVE;
				CLANG_WARN_UNREACHABLE_CODE = YES;
				CLANG_WARN__DUPLICATE_METHOD_MATCH = YES;
				COPY_PHASE_STRIP = NO;
				DEBUG_INFORMATION_FORMAT = "dwarf-with-dsym";
				ENABLE_NS_ASSERTIONS = NO;
				ENABLE_STRICT_OBJC_MSGSEND = YES;
				GCC_C_LANGUAGE_STANDARD = gnu11;
				GCC_NO_COMMON_BLOCKS = YES;
				GCC_WARN_64_TO_32_BIT_CONVERSION = YES;
				GCC_WARN_ABOUT_RETURN_TYPE = YES_ERROR;
				GCC_WARN_UNDECLARED_SELECTOR = YES;
				GCC_WARN_UNINITIALIZED_AUTOS = YES_AGGRESSIVE;
				GCC_WARN_UNUSED_FUNCTION = YES;
				GCC_WARN_UNUSED_VARIABLE = YES;
				IPHONEOS_DEPLOYMENT_TARGET = 15.5;
				MTL_ENABLE_DEBUG_INFO = NO;
				MTL_FAST_MATH = YES;
				SDKROOT = iphoneos;
				SWIFT_COMPILATION_MODE = wholemodule;
				SWIFT_OPTIMIZATION_LEVEL = "-O";
				VALIDATE_PRODUCT = YES;
			};
			name = Release;
		};
		947D39C22874669600143C55 /* Debug */ = {
			isa = XCBuildConfiguration;
			buildSettings = {
				ASSETCATALOG_COMPILER_APPICON_NAME = AppIcon;
				ASSETCATALOG_COMPILER_GLOBAL_ACCENT_COLOR_NAME = AccentColor;
				CODE_SIGN_STYLE = Automatic;
				CURRENT_PROJECT_VERSION = 1;
				GENERATE_INFOPLIST_FILE = YES;
				INFOPLIST_FILE = TestPractice/Info.plist;
				INFOPLIST_KEY_UIApplicationSupportsIndirectInputEvents = YES;
				INFOPLIST_KEY_UILaunchStoryboardName = LaunchScreen;
				INFOPLIST_KEY_UIMainStoryboardFile = Main;
				INFOPLIST_KEY_UISupportedInterfaceOrientations_iPad = "UIInterfaceOrientationPortrait UIInterfaceOrientationPortraitUpsideDown UIInterfaceOrientationLandscapeLeft UIInterfaceOrientationLandscapeRight";
				INFOPLIST_KEY_UISupportedInterfaceOrientations_iPhone = "UIInterfaceOrientationPortrait UIInterfaceOrientationLandscapeLeft UIInterfaceOrientationLandscapeRight";
				LD_RUNPATH_SEARCH_PATHS = (
					"$(inherited)",
					"@executable_path/Frameworks",
				);
				MARKETING_VERSION = 1.0;
				PRODUCT_BUNDLE_IDENTIFIER = com.ryanrange.TestPractice;
				PRODUCT_NAME = "$(TARGET_NAME)";
				SWIFT_EMIT_LOC_STRINGS = YES;
				SWIFT_VERSION = 5.0;
				TARGETED_DEVICE_FAMILY = "1,2";
			};
			name = Debug;
		};
		947D39C32874669600143C55 /* Release */ = {
			isa = XCBuildConfiguration;
			buildSettings = {
				ASSETCATALOG_COMPILER_APPICON_NAME = AppIcon;
				ASSETCATALOG_COMPILER_GLOBAL_ACCENT_COLOR_NAME = AccentColor;
				CODE_SIGN_STYLE = Automatic;
				CURRENT_PROJECT_VERSION = 1;
				GENERATE_INFOPLIST_FILE = YES;
				INFOPLIST_FILE = TestPractice/Info.plist;
				INFOPLIST_KEY_UIApplicationSupportsIndirectInputEvents = YES;
				INFOPLIST_KEY_UILaunchStoryboardName = LaunchScreen;
				INFOPLIST_KEY_UIMainStoryboardFile = Main;
				INFOPLIST_KEY_UISupportedInterfaceOrientations_iPad = "UIInterfaceOrientationPortrait UIInterfaceOrientationPortraitUpsideDown UIInterfaceOrientationLandscapeLeft UIInterfaceOrientationLandscapeRight";
				INFOPLIST_KEY_UISupportedInterfaceOrientations_iPhone = "UIInterfaceOrientationPortrait UIInterfaceOrientationLandscapeLeft UIInterfaceOrientationLandscapeRight";
				LD_RUNPATH_SEARCH_PATHS = (
					"$(inherited)",
					"@executable_path/Frameworks",
				);
				MARKETING_VERSION = 1.0;
				PRODUCT_BUNDLE_IDENTIFIER = com.ryanrange.TestPractice;
				PRODUCT_NAME = "$(TARGET_NAME)";
				SWIFT_EMIT_LOC_STRINGS = YES;
				SWIFT_VERSION = 5.0;
				TARGETED_DEVICE_FAMILY = "1,2";
			};
			name = Release;
		};
		947D39C52874669600143C55 /* Debug */ = {
			isa = XCBuildConfiguration;
			buildSettings = {
				ALWAYS_EMBED_SWIFT_STANDARD_LIBRARIES = YES;
				BUNDLE_LOADER = "$(TEST_HOST)";
				CODE_SIGN_STYLE = Automatic;
				CURRENT_PROJECT_VERSION = 1;
				GENERATE_INFOPLIST_FILE = YES;
				IPHONEOS_DEPLOYMENT_TARGET = 15.5;
				MARKETING_VERSION = 1.0;
				PRODUCT_BUNDLE_IDENTIFIER = com.ryanrange.TestPracticeTests;
				PRODUCT_NAME = "$(TARGET_NAME)";
				SWIFT_EMIT_LOC_STRINGS = NO;
				SWIFT_VERSION = 5.0;
				TARGETED_DEVICE_FAMILY = "1,2";
				TEST_HOST = "$(BUILT_PRODUCTS_DIR)/TestPractice.app/TestPractice";
			};
			name = Debug;
		};
		947D39C62874669600143C55 /* Release */ = {
			isa = XCBuildConfiguration;
			buildSettings = {
				ALWAYS_EMBED_SWIFT_STANDARD_LIBRARIES = YES;
				BUNDLE_LOADER = "$(TEST_HOST)";
				CODE_SIGN_STYLE = Automatic;
				CURRENT_PROJECT_VERSION = 1;
				GENERATE_INFOPLIST_FILE = YES;
				IPHONEOS_DEPLOYMENT_TARGET = 15.5;
				MARKETING_VERSION = 1.0;
				PRODUCT_BUNDLE_IDENTIFIER = com.ryanrange.TestPracticeTests;
				PRODUCT_NAME = "$(TARGET_NAME)";
				SWIFT_EMIT_LOC_STRINGS = NO;
				SWIFT_VERSION = 5.0;
				TARGETED_DEVICE_FAMILY = "1,2";
				TEST_HOST = "$(BUILT_PRODUCTS_DIR)/TestPractice.app/TestPractice";
			};
			name = Release;
		};
		947D39C82874669600143C55 /* Debug */ = {
			isa = XCBuildConfiguration;
			buildSettings = {
				ALWAYS_EMBED_SWIFT_STANDARD_LIBRARIES = YES;
				CODE_SIGN_STYLE = Automatic;
				CURRENT_PROJECT_VERSION = 1;
				GENERATE_INFOPLIST_FILE = YES;
				MARKETING_VERSION = 1.0;
				PRODUCT_BUNDLE_IDENTIFIER = com.ryanrange.TestPracticeUITests;
				PRODUCT_NAME = "$(TARGET_NAME)";
				SWIFT_EMIT_LOC_STRINGS = NO;
				SWIFT_VERSION = 5.0;
				TARGETED_DEVICE_FAMILY = "1,2";
				TEST_TARGET_NAME = TestPractice;
			};
			name = Debug;
		};
		947D39C92874669600143C55 /* Release */ = {
			isa = XCBuildConfiguration;
			buildSettings = {
				ALWAYS_EMBED_SWIFT_STANDARD_LIBRARIES = YES;
				CODE_SIGN_STYLE = Automatic;
				CURRENT_PROJECT_VERSION = 1;
				GENERATE_INFOPLIST_FILE = YES;
				MARKETING_VERSION = 1.0;
				PRODUCT_BUNDLE_IDENTIFIER = com.ryanrange.TestPracticeUITests;
				PRODUCT_NAME = "$(TARGET_NAME)";
				SWIFT_EMIT_LOC_STRINGS = NO;
				SWIFT_VERSION = 5.0;
				TARGETED_DEVICE_FAMILY = "1,2";
				TEST_TARGET_NAME = TestPractice;
			};
			name = Release;
		};
/* End XCBuildConfiguration section */

/* Begin XCConfigurationList section */
		947D39922874669500143C55 /* Build configuration list for PBXProject "TestPractice" */ = {
			isa = XCConfigurationList;
			buildConfigurations = (
				947D39BF2874669600143C55 /* Debug */,
				947D39C02874669600143C55 /* Release */,
			);
			defaultConfigurationIsVisible = 0;
			defaultConfigurationName = Release;
		};
		947D39C12874669600143C55 /* Build configuration list for PBXNativeTarget "TestPractice" */ = {
			isa = XCConfigurationList;
			buildConfigurations = (
				947D39C22874669600143C55 /* Debug */,
				947D39C32874669600143C55 /* Release */,
			);
			defaultConfigurationIsVisible = 0;
			defaultConfigurationName = Release;
		};
		947D39C42874669600143C55 /* Build configuration list for PBXNativeTarget "TestPracticeTests" */ = {
			isa = XCConfigurationList;
			buildConfigurations = (
				947D39C52874669600143C55 /* Debug */,
				947D39C62874669600143C55 /* Release */,
			);
			defaultConfigurationIsVisible = 0;
			defaultConfigurationName = Release;
		};
		947D39C72874669600143C55 /* Build configuration list for PBXNativeTarget "TestPracticeUITests" */ = {
			isa = XCConfigurationList;
			buildConfigurations = (
				947D39C82874669600143C55 /* Debug */,
				947D39C92874669600143C55 /* Release */,
			);
			defaultConfigurationIsVisible = 0;
			defaultConfigurationName = Release;
		};
/* End XCConfigurationList section */
	};
	rootObject = 947D398F2874669500143C55 /* Project object */;
}
